
Microsoft Visual Studio Solution File, Format Version 12.00
# Visual Studio 2012
Project("{FAE04EC0-301F-11D3-BF4B-00C04F79EFBC}") = "MyHospital", "MyHospital\MyHospital.csproj", "{E1C8553F-F43D-41A2-B5DF-176AAD4C8CAF}"
EndProject
Global
	GlobalSection(SolutionConfigurationPlatforms) = preSolution
		Debug|Any CPU = Debug|Any CPU
		Release|Any CPU = Release|Any CPU
	EndGlobalSection
	GlobalSection(ProjectConfigurationPlatforms) = postSolution
		{E1C8553F-F43D-41A2-B5DF-176AAD4C8CAF}.Debug|Any CPU.ActiveCfg = Debug|Any CPU
		{E1C8553F-F43D-41A2-B5DF-176AAD4C8CAF}.Debug|Any CPU.Build.0 = Debug|Any CPU
		{E1C8553F-F43D-41A2-B5DF-176AAD4C8CAF}.Release|Any CPU.ActiveCfg = Release|Any CPU
		{E1C8553F-F43D-41A2-B5DF-176AAD4C8CAF}.Release|Any CPU.Build.0 = Release|Any CPU
	EndGlobalSection
	GlobalSection(SolutionProperties) = preSolution
		HideSolutionNode = FALSE
	EndGlobalSection
EndGlobal
